
Microsoft Visual Studio Solution File, Format Version 12.00
# Visual Studio 14
VisualStudioVersion = 14.0.25420.1
MinimumVisualStudioVersion = 10.0.40219.1
Project("{8BC9CEB8-8B4A-11D0-8D11-00A0C91BC942}") = "FinalProject", "FinalProject\FinalProject.vcxproj", "{B98F0C1B-F08E-4A0F-8D19-AA7B076860BA}"
EndProject
Project("{8BC9CEB8-8B4A-11D0-8D11-00A0C91BC942}") = "Common", "Common\Common.vcxproj", "{2D460596-459D-4E55-A35E-A392971604BE}"
EndProject
Project("{8BC9CEB8-8B4A-11D0-8D11-00A0C91BC942}") = "TextBox", "TextBox\TextBox.vcxproj", "{CA99BBB1-5D99-4BFE-9114-B7B159C8EB86}"
EndProject
Project("{8BC9CEB8-8B4A-11D0-8D11-00A0C91BC942}") = "Label", "Label\Label.vcxproj", "{834F9985-23AC-4A94-BA51-D655DBF3BA37}"
EndProject
Project("{8BC9CEB8-8B4A-11D0-8D11-00A0C91BC942}") = "Panel", "Panel\Panel.vcxproj", "{43613832-BFD9-4D5C-8532-DA7E5940A115}"
EndProject
Project("{8BC9CEB8-8B4A-11D0-8D11-00A0C91BC942}") = "NumericBox", "NumericBox\NumericBox.vcxproj", "{903E1049-9CD2-4DA2-86FE-1491C46D1E63}"
EndProject
Project("{8BC9CEB8-8B4A-11D0-8D11-00A0C91BC942}") = "Button", "Button\Button.vcxproj", "{ABC422D0-63CF-4E19-AC47-2E650F4E7253}"
EndProject
Project("{8BC9CEB8-8B4A-11D0-8D11-00A0C91BC942}") = "ComboBox", "ComboBox\ComboBox.vcxproj", "{4820A728-CFA0-4030-9E24-597B189A26A4}"
EndProject
Global
	GlobalSection(SolutionConfigurationPlatforms) = preSolution
		Debug|x64 = Debug|x64
		Debug|x86 = Debug|x86
		Release|x64 = Release|x64
		Release|x86 = Release|x86
	EndGlobalSection
	GlobalSection(ProjectConfigurationPlatforms) = postSolution
		{B98F0C1B-F08E-4A0F-8D19-AA7B076860BA}.Debug|x64.ActiveCfg = Debug|x64
		{B98F0C1B-F08E-4A0F-8D19-AA7B076860BA}.Debug|x64.Build.0 = Debug|x64
		{B98F0C1B-F08E-4A0F-8D19-AA7B076860BA}.Debug|x86.ActiveCfg = Debug|Win32
		{B98F0C1B-F08E-4A0F-8D19-AA7B076860BA}.Debug|x86.Build.0 = Debug|Win32
		{B98F0C1B-F08E-4A0F-8D19-AA7B076860BA}.Release|x64.ActiveCfg = Release|x64
		{B98F0C1B-F08E-4A0F-8D19-AA7B076860BA}.Release|x64.Build.0 = Release|x64
		{B98F0C1B-F08E-4A0F-8D19-AA7B076860BA}.Release|x86.ActiveCfg = Release|Win32
		{B98F0C1B-F08E-4A0F-8D19-AA7B076860BA}.Release|x86.Build.0 = Release|Win32
		{2D460596-459D-4E55-A35E-A392971604BE}.Debug|x64.ActiveCfg = Debug|x64
		{2D460596-459D-4E55-A35E-A392971604BE}.Debug|x64.Build.0 = Debug|x64
		{2D460596-459D-4E55-A35E-A392971604BE}.Debug|x86.ActiveCfg = Debug|Win32
		{2D460596-459D-4E55-A35E-A392971604BE}.Debug|x86.Build.0 = Debug|Win32
		{2D460596-459D-4E55-A35E-A392971604BE}.Release|x64.ActiveCfg = Release|x64
		{2D460596-459D-4E55-A35E-A392971604BE}.Release|x64.Build.0 = Release|x64
		{2D460596-459D-4E55-A35E-A392971604BE}.Release|x86.ActiveCfg = Release|Win32
		{2D460596-459D-4E55-A35E-A392971604BE}.Release|x86.Build.0 = Release|Win32
		{CA99BBB1-5D99-4BFE-9114-B7B159C8EB86}.Debug|x64.ActiveCfg = Debug|x64
		{CA99BBB1-5D99-4BFE-9114-B7B159C8EB86}.Debug|x64.Build.0 = Debug|x64
		{CA99BBB1-5D99-4BFE-9114-B7B159C8EB86}.Debug|x86.ActiveCfg = Debug|Win32
		{CA99BBB1-5D99-4BFE-9114-B7B159C8EB86}.Debug|x86.Build.0 = Debug|Win32
		{CA99BBB1-5D99-4BFE-9114-B7B159C8EB86}.Release|x64.ActiveCfg = Release|x64
		{CA99BBB1-5D99-4BFE-9114-B7B159C8EB86}.Release|x64.Build.0 = Release|x64
		{CA99BBB1-5D99-4BFE-9114-B7B159C8EB86}.Release|x86.ActiveCfg = Release|Win32
		{CA99BBB1-5D99-4BFE-9114-B7B159C8EB86}.Release|x86.Build.0 = Release|Win32
		{834F9985-23AC-4A94-BA51-D655DBF3BA37}.Debug|x64.ActiveCfg = Debug|x64
		{834F9985-23AC-4A94-BA51-D655DBF3BA37}.Debug|x64.Build.0 = Debug|x64
		{834F9985-23AC-4A94-BA51-D655DBF3BA37}.Debug|x86.ActiveCfg = Debug|Win32
		{834F9985-23AC-4A94-BA51-D655DBF3BA37}.Debug|x86.Build.0 = Debug|Win32
		{834F9985-23AC-4A94-BA51-D655DBF3BA37}.Release|x64.ActiveCfg = Release|x64
		{834F9985-23AC-4A94-BA51-D655DBF3BA37}.Release|x64.Build.0 = Release|x64
		{834F9985-23AC-4A94-BA51-D655DBF3BA37}.Release|x86.ActiveCfg = Release|Win32
		{834F9985-23AC-4A94-BA51-D655DBF3BA37}.Release|x86.Build.0 = Release|Win32
		{43613832-BFD9-4D5C-8532-DA7E5940A115}.Debug|x64.ActiveCfg = Debug|x64
		{43613832-BFD9-4D5C-8532-DA7E5940A115}.Debug|x64.Build.0 = Debug|x64
		{43613832-BFD9-4D5C-8532-DA7E5940A115}.Debug|x86.ActiveCfg = Debug|Win32
		{43613832-BFD9-4D5C-8532-DA7E5940A115}.Debug|x86.Build.0 = Debug|Win32
		{43613832-BFD9-4D5C-8532-DA7E5940A115}.Release|x64.ActiveCfg = Release|x64
		{43613832-BFD9-4D5C-8532-DA7E5940A115}.Release|x64.Build.0 = Release|x64
		{43613832-BFD9-4D5C-8532-DA7E5940A115}.Release|x86.ActiveCfg = Release|Win32
		{43613832-BFD9-4D5C-8532-DA7E5940A115}.Release|x86.Build.0 = Release|Win32
		{903E1049-9CD2-4DA2-86FE-1491C46D1E63}.Debug|x64.ActiveCfg = Debug|x64
		{903E1049-9CD2-4DA2-86FE-1491C46D1E63}.Debug|x64.Build.0 = Debug|x64
		{903E1049-9CD2-4DA2-86FE-1491C46D1E63}.Debug|x86.ActiveCfg = Debug|Win32
		{903E1049-9CD2-4DA2-86FE-1491C46D1E63}.Debug|x86.Build.0 = Debug|Win32
		{903E1049-9CD2-4DA2-86FE-1491C46D1E63}.Release|x64.ActiveCfg = Release|x64
		{903E1049-9CD2-4DA2-86FE-1491C46D1E63}.Release|x64.Build.0 = Release|x64
		{903E1049-9CD2-4DA2-86FE-1491C46D1E63}.Release|x86.ActiveCfg = Release|Win32
		{903E1049-9CD2-4DA2-86FE-1491C46D1E63}.Release|x86.Build.0 = Release|Win32
		{ABC422D0-63CF-4E19-AC47-2E650F4E7253}.Debug|x64.ActiveCfg = Debug|x64
		{ABC422D0-63CF-4E19-AC47-2E650F4E7253}.Debug|x64.Build.0 = Debug|x64
		{ABC422D0-63CF-4E19-AC47-2E650F4E7253}.Debug|x86.ActiveCfg = Debug|Win32
		{ABC422D0-63CF-4E19-AC47-2E650F4E7253}.Debug|x86.Build.0 = Debug|Win32
		{ABC422D0-63CF-4E19-AC47-2E650F4E7253}.Release|x64.ActiveCfg = Release|x64
		{ABC422D0-63CF-4E19-AC47-2E650F4E7253}.Release|x64.Build.0 = Release|x64
		{ABC422D0-63CF-4E19-AC47-2E650F4E7253}.Release|x86.ActiveCfg = Release|Win32
		{ABC422D0-63CF-4E19-AC47-2E650F4E7253}.Release|x86.Build.0 = Release|Win32
		{4820A728-CFA0-4030-9E24-597B189A26A4}.Debug|x64.ActiveCfg = Debug|x64
		{4820A728-CFA0-4030-9E24-597B189A26A4}.Debug|x64.Build.0 = Debug|x64
		{4820A728-CFA0-4030-9E24-597B189A26A4}.Debug|x86.ActiveCfg = Debug|Win32
		{4820A728-CFA0-4030-9E24-597B189A26A4}.Debug|x86.Build.0 = Debug|Win32
		{4820A728-CFA0-4030-9E24-597B189A26A4}.Release|x64.ActiveCfg = Release|x64
		{4820A728-CFA0-4030-9E24-597B189A26A4}.Release|x64.Build.0 = Release|x64
		{4820A728-CFA0-4030-9E24-597B189A26A4}.Release|x86.ActiveCfg = Release|Win32
		{4820A728-CFA0-4030-9E24-597B189A26A4}.Release|x86.Build.0 = Release|Win32
	EndGlobalSection
	GlobalSection(SolutionProperties) = preSolution
		HideSolutionNode = FALSE
	EndGlobalSection
EndGlobal
